
Microsoft Visual Studio Solution File, Format Version 12.00
# Visual Studio 15
VisualStudioVersion = 15.0.28010.2050
MinimumVisualStudioVersion = 10.0.40219.1
Project("{FAE04EC0-301F-11D3-BF4B-00C04F79EFBC}") = "MyPaint_FabricPattern", "MyPaint_FabricPattern\MyPaint_FabricPattern.csproj", "{3A776957-D9A1-40D9-89D5-147E5BF80A8E}"
EndProject
Global
	GlobalSection(SolutionConfigurationPlatforms) = preSolution
		Debug|Any CPU = Debug|Any CPU
		Release|Any CPU = Release|Any CPU
	EndGlobalSection
	GlobalSection(ProjectConfigurationPlatforms) = postSolution
		{3A776957-D9A1-40D9-89D5-147E5BF80A8E}.Debug|Any CPU.ActiveCfg = Debug|Any CPU
		{3A776957-D9A1-40D9-89D5-147E5BF80A8E}.Debug|Any CPU.Build.0 = Debug|Any CPU
		{3A776957-D9A1-40D9-89D5-147E5BF80A8E}.Release|Any CPU.ActiveCfg = Release|Any CPU
		{3A776957-D9A1-40D9-89D5-147E5BF80A8E}.Release|Any CPU.Build.0 = Release|Any CPU
	EndGlobalSection
	GlobalSection(SolutionProperties) = preSolution
		HideSolutionNode = FALSE
	EndGlobalSection
	GlobalSection(ExtensibilityGlobals) = postSolution
		SolutionGuid = {36EC449C-9FB8-43CD-A431-0468AAB13D6E}
	EndGlobalSection
EndGlobal
